// !$*UTF8*$!
{
	archiveVersion = 1;
	classes = {
	};
	objectVersion = 46;
	objects = {

/* Begin PBXBuildFile section */
		1842ED021EEBA70B004D40E3 /* RNAliyunOSS.m in Sources */ = {isa = PBXBuildFile; fileRef = 1842ED011EEBA70B004D40E3 /* RNAliyunOSS.m */; };
		3E200E7C20EB5DA5002AF220 /* RNAliyunOSS+UPLOAD.m in Sources */ = {isa = PBXBuildFile; fileRef = 3E200E6F20EB5DA5002AF220 /* RNAliyunOSS+UPLOAD.m */; };
		3E200E7D20EB5DA5002AF220 /* RNAliyunOSS+BUCKET.m in Sources */ = {isa = PBXBuildFile; fileRef = 3E200E7320EB5DA5002AF220 /* RNAliyunOSS+BUCKET.m */; };
		3E200E7E20EB5DA5002AF220 /* RNAliyunOSS+OBJECT.m in Sources */ = {isa = PBXBuildFile; fileRef = 3E200E7420EB5DA5002AF220 /* RNAliyunOSS+OBJECT.m */; };
		3E200E7F20EB5DA5002AF220 /* RNAliyunOSS+MULTIPARTUPLOAD.m in Sources */ = {isa = PBXBuildFile; fileRef = 3E200E7720EB5DA5002AF220 /* RNAliyunOSS+MULTIPARTUPLOAD.m */; };
		3E200E8020EB5DA5002AF220 /* RNAliyunOSS+DOWNLOAD.m in Sources */ = {isa = PBXBuildFile; fileRef = 3E200E7920EB5DA5002AF220 /* RNAliyunOSS+DOWNLOAD.m */; };
		3E200E8120EB5DA5002AF220 /* RNAliyunOSS+AUTH.m in Sources */ = {isa = PBXBuildFile; fileRef = 3E200E7A20EB5DA5002AF220 /* RNAliyunOSS+AUTH.m */; };
		3E200E8220EB5DA5002AF220 /* RNAliyunOSS+LOG.m in Sources */ = {isa = PBXBuildFile; fileRef = 3E200E7B20EB5DA5002AF220 /* RNAliyunOSS+LOG.m */; };
/* End PBXBuildFile section */

/* Begin PBXCopyFilesBuildPhase section */
		58B511D91A9E6C8500147676 /* CopyFiles */ = {
			isa = PBXCopyFilesBuildPhase;
			buildActionMask = 2147483647;
			dstPath = "include/$(PRODUCT_NAME)";
			dstSubfolderSpec = 16;
			files = (
			);
			runOnlyForDeploymentPostprocessing = 0;
		};
/* End PBXCopyFilesBuildPhase section */

/* Begin PBXFileReference section */
		134814201AA4EA6300B7C361 /* libRNAliyunOSS.a */ = {isa = PBXFileReference; explicitFileType = archive.ar; includeInIndex = 0; path = libRNAliyunOSS.a; sourceTree = BUILT_PRODUCTS_DIR; };
		1842ED001EEBA70B004D40E3 /* RNAliyunOSS.h */ = {isa = PBXFileReference; fileEncoding = 4; lastKnownFileType = sourcecode.c.h; path = RNAliyunOSS.h; sourceTree = "<group>"; };
		1842ED011EEBA70B004D40E3 /* RNAliyunOSS.m */ = {isa = PBXFileReference; fileEncoding = 4; lastKnownFileType = sourcecode.c.objc; path = RNAliyunOSS.m; sourceTree = "<group>"; };
		186899B21F31997000841D5D /* AliyunOSSiOS.framework */ = {isa = PBXFileReference; lastKnownFileType = wrapper.framework; name = AliyunOSSiOS.framework; path = AliyunSDK/AliyunOSSiOS.framework; sourceTree = "<group>"; };
		3E200E6E20EB5DA5002AF220 /* RNAliyunOSS+BUCKET.h */ = {isa = PBXFileReference; fileEncoding = 4; lastKnownFileType = sourcecode.c.h; path = "RNAliyunOSS+BUCKET.h"; sourceTree = "<group>"; };
		3E200E6F20EB5DA5002AF220 /* RNAliyunOSS+UPLOAD.m */ = {isa = PBXFileReference; fileEncoding = 4; lastKnownFileType = sourcecode.c.objc; path = "RNAliyunOSS+UPLOAD.m"; sourceTree = "<group>"; };
		3E200E7020EB5DA5002AF220 /* RNAliyunOSS+AUTH.h */ = {isa = PBXFileReference; fileEncoding = 4; lastKnownFileType = sourcecode.c.h; path = "RNAliyunOSS+AUTH.h"; sourceTree = "<group>"; };
		3E200E7120EB5DA5002AF220 /* RNAliyunOSS+DOWNLOAD.h */ = {isa = PBXFileReference; fileEncoding = 4; lastKnownFileType = sourcecode.c.h; path = "RNAliyunOSS+DOWNLOAD.h"; sourceTree = "<group>"; };
		3E200E7220EB5DA5002AF220 /* RNAliyunOSS+LOG.h */ = {isa = PBXFileReference; fileEncoding = 4; lastKnownFileType = sourcecode.c.h; path = "RNAliyunOSS+LOG.h"; sourceTree = "<group>"; };
		3E200E7320EB5DA5002AF220 /* RNAliyunOSS+BUCKET.m */ = {isa = PBXFileReference; fileEncoding = 4; lastKnownFileType = sourcecode.c.objc; path = "RNAliyunOSS+BUCKET.m"; sourceTree = "<group>"; };
		3E200E7420EB5DA5002AF220 /* RNAliyunOSS+OBJECT.m */ = {isa = PBXFileReference; fileEncoding = 4; lastKnownFileType = sourcecode.c.objc; path = "RNAliyunOSS+OBJECT.m"; sourceTree = "<group>"; };
		3E200E7520EB5DA5002AF220 /* RNAliyunOSS+OBJECT.h */ = {isa = PBXFileReference; fileEncoding = 4; lastKnownFileType = sourcecode.c.h; path = "RNAliyunOSS+OBJECT.h"; sourceTree = "<group>"; };
		3E200E7620EB5DA5002AF220 /* RNAliyunOSS+MULTIPARTUPLOAD.h */ = {isa = PBXFileReference; fileEncoding = 4; lastKnownFileType = sourcecode.c.h; path = "RNAliyunOSS+MULTIPARTUPLOAD.h"; sourceTree = "<group>"; };
		3E200E7720EB5DA5002AF220 /* RNAliyunOSS+MULTIPARTUPLOAD.m */ = {isa = PBXFileReference; fileEncoding = 4; lastKnownFileType = sourcecode.c.objc; path = "RNAliyunOSS+MULTIPARTUPLOAD.m"; sourceTree = "<group>"; };
		3E200E7820EB5DA5002AF220 /* RNAliyunOSS+UPLOAD.h */ = {isa = PBXFileReference; fileEncoding = 4; lastKnownFileType = sourcecode.c.h; path = "RNAliyunOSS+UPLOAD.h"; sourceTree = "<group>"; };
		3E200E7920EB5DA5002AF220 /* RNAliyunOSS+DOWNLOAD.m */ = {isa = PBXFileReference; fileEncoding = 4; lastKnownFileType = sourcecode.c.objc; path = "RNAliyunOSS+DOWNLOAD.m"; sourceTree = "<group>"; };
		3E200E7A20EB5DA5002AF220 /* RNAliyunOSS+AUTH.m */ = {isa = PBXFileReference; fileEncoding = 4; lastKnownFileType = sourcecode.c.objc; path = "RNAliyunOSS+AUTH.m"; sourceTree = "<group>"; };
		3E200E7B20EB5DA5002AF220 /* RNAliyunOSS+LOG.m */ = {isa = PBXFileReference; fileEncoding = 4; lastKnownFileType = sourcecode.c.objc; path = "RNAliyunOSS+LOG.m"; sourceTree = "<group>"; };
/* End PBXFileReference section */

/* Begin PBXFrameworksBuildPhase section */
		58B511D81A9E6C8500147676 /* Frameworks */ = {
			isa = PBXFrameworksBuildPhase;
			buildActionMask = 2147483647;
			files = (
			);
			runOnlyForDeploymentPostprocessing = 0;
		};
/* End PBXFrameworksBuildPhase section */

/* Begin PBXGroup section */
		134814211AA4EA7D00B7C361 /* Products */ = {
			isa = PBXGroup;
			children = (
				134814201AA4EA6300B7C361 /* libRNAliyunOSS.a */,
			);
			name = Products;
			sourceTree = "<group>";
		};
		186899B11F31993900841D5D /* AliyunSDK */ = {
			isa = PBXGroup;
			children = (
				186899B21F31997000841D5D /* AliyunOSSiOS.framework */,
			);
			name = AliyunSDK;
			sourceTree = "<group>";
		};
		58B511D21A9E6C8500147676 = {
			isa = PBXGroup;
			children = (
				3E200E7020EB5DA5002AF220 /* RNAliyunOSS+AUTH.h */,
				3E200E7A20EB5DA5002AF220 /* RNAliyunOSS+AUTH.m */,
				3E200E6E20EB5DA5002AF220 /* RNAliyunOSS+BUCKET.h */,
				3E200E7320EB5DA5002AF220 /* RNAliyunOSS+BUCKET.m */,
				3E200E7120EB5DA5002AF220 /* RNAliyunOSS+DOWNLOAD.h */,
				3E200E7920EB5DA5002AF220 /* RNAliyunOSS+DOWNLOAD.m */,
				3E200E7220EB5DA5002AF220 /* RNAliyunOSS+LOG.h */,
				3E200E7B20EB5DA5002AF220 /* RNAliyunOSS+LOG.m */,
				3E200E7620EB5DA5002AF220 /* RNAliyunOSS+MULTIPARTUPLOAD.h */,
				3E200E7720EB5DA5002AF220 /* RNAliyunOSS+MULTIPARTUPLOAD.m */,
				3E200E7520EB5DA5002AF220 /* RNAliyunOSS+OBJECT.h */,
				3E200E7420EB5DA5002AF220 /* RNAliyunOSS+OBJECT.m */,
				3E200E7820EB5DA5002AF220 /* RNAliyunOSS+UPLOAD.h */,
				3E200E6F20EB5DA5002AF220 /* RNAliyunOSS+UPLOAD.m */,
				186899B11F31993900841D5D /* AliyunSDK */,
				1842ED001EEBA70B004D40E3 /* RNAliyunOSS.h */,
				1842ED011EEBA70B004D40E3 /* RNAliyunOSS.m */,
				134814211AA4EA7D00B7C361 /* Products */,
			);
			sourceTree = "<group>";
		};
/* End PBXGroup section */

/* Begin PBXNativeTarget section */
		58B511DA1A9E6C8500147676 /* RNAliyunOSS */ = {
			isa = PBXNativeTarget;
			buildConfigurationList = 58B511EF1A9E6C8500147676 /* Build configuration list for PBXNativeTarget "RNAliyunOSS" */;
			buildPhases = (
				58B511D71A9E6C8500147676 /* Sources */,
				58B511D81A9E6C8500147676 /* Frameworks */,
				58B511D91A9E6C8500147676 /* CopyFiles */,
			);
			buildRules = (
			);
			dependencies = (
			);
			name = RNAliyunOSS;
			productName = RCTDataManager;
			productReference = 134814201AA4EA6300B7C361 /* libRNAliyunOSS.a */;
			productType = "com.apple.product-type.library.static";
		};
/* End PBXNativeTarget section */

/* Begin PBXProject section */
		58B511D31A9E6C8500147676 /* Project object */ = {
			isa = PBXProject;
			attributes = {
				LastUpgradeCheck = 0830;
				ORGANIZATIONNAME = Facebook;
				TargetAttributes = {
					58B511DA1A9E6C8500147676 = {
						CreatedOnToolsVersion = 6.1.1;
					};
				};
			};
			buildConfigurationList = 58B511D61A9E6C8500147676 /* Build configuration list for PBXProject "RNAliyunOSS" */;
			compatibilityVersion = "Xcode 3.2";
			developmentRegion = English;
			hasScannedForEncodings = 0;
			knownRegions = (
				en,
			);
			mainGroup = 58B511D21A9E6C8500147676;
			productRefGroup = 58B511D21A9E6C8500147676;
			projectDirPath = "";
			projectRoot = "";
			targets = (
				58B511DA1A9E6C8500147676 /* RNAliyunOSS */,
			);
		};
/* End PBXProject section */

/* Begin PBXSourcesBuildPhase section */
		58B511D71A9E6C8500147676 /* Sources */ = {
			isa = PBXSourcesBuildPhase;
			buildActionMask = 2147483647;
			files = (
				3E200E8220EB5DA5002AF220 /* RNAliyunOSS+LOG.m in Sources */,
				3E200E7E20EB5DA5002AF220 /* RNAliyunOSS+OBJECT.m in Sources */,
				3E200E8120EB5DA5002AF220 /* RNAliyunOSS+AUTH.m in Sources */,
				3E200E7C20EB5DA5002AF220 /* RNAliyunOSS+UPLOAD.m in Sources */,
				3E200E7D20EB5DA5002AF220 /* RNAliyunOSS+BUCKET.m in Sources */,
				3E200E7F20EB5DA5002AF220 /* RNAliyunOSS+MULTIPARTUPLOAD.m in Sources */,
				1842ED021EEBA70B004D40E3 /* RNAliyunOSS.m in Sources */,
				3E200E8020EB5DA5002AF220 /* RNAliyunOSS+DOWNLOAD.m in Sources */,
			);
			runOnlyForDeploymentPostprocessing = 0;
		};
/* End PBXSourcesBuildPhase section */

/* Begin XCBuildConfiguration section */
		58B511ED1A9E6C8500147676 /* Debug */ = {
			isa = XCBuildConfiguration;
			buildSettings = {
				ALWAYS_SEARCH_USER_PATHS = NO;
				CLANG_CXX_LANGUAGE_STANDARD = "gnu++0x";
				CLANG_CXX_LIBRARY = "libc++";
				CLANG_ENABLE_MODULES = YES;
				CLANG_ENABLE_OBJC_ARC = YES;
				CLANG_WARN_BOOL_CONVERSION = YES;
				CLANG_WARN_CONSTANT_CONVERSION = YES;
				CLANG_WARN_DIRECT_OBJC_ISA_USAGE = YES_ERROR;
				CLANG_WARN_EMPTY_BODY = YES;
				CLANG_WARN_ENUM_CONVERSION = YES;
				CLANG_WARN_INFINITE_RECURSION = YES;
				CLANG_WARN_INT_CONVERSION = YES;
				CLANG_WARN_OBJC_ROOT_CLASS = YES_ERROR;
				CLANG_WARN_SUSPICIOUS_MOVE = YES;
				CLANG_WARN_UNREACHABLE_CODE = YES;
				CLANG_WARN__DUPLICATE_METHOD_MATCH = YES;
				COPY_PHASE_STRIP = NO;
				ENABLE_STRICT_OBJC_MSGSEND = YES;
				ENABLE_TESTABILITY = YES;
				GCC_C_LANGUAGE_STANDARD = gnu99;
				GCC_DYNAMIC_NO_PIC = NO;
				GCC_NO_COMMON_BLOCKS = YES;
				GCC_OPTIMIZATION_LEVEL = 0;
				GCC_PREPROCESSOR_DEFINITIONS = (
					"DEBUG=1",
					"$(inherited)",
				);
				GCC_SYMBOLS_PRIVATE_EXTERN = NO;
				GCC_WARN_64_TO_32_BIT_CONVERSION = YES;
				GCC_WARN_ABOUT_RETURN_TYPE = YES_ERROR;
				GCC_WARN_UNDECLARED_SELECTOR = YES;
				GCC_WARN_UNINITIALIZED_AUTOS = YES_AGGRESSIVE;
				GCC_WARN_UNUSED_FUNCTION = YES;
				GCC_WARN_UNUSED_VARIABLE = YES;
				IPHONEOS_DEPLOYMENT_TARGET = 8.0;
				MTL_ENABLE_DEBUG_INFO = YES;
				ONLY_ACTIVE_ARCH = YES;
				SDKROOT = iphoneos;
			};
			name = Debug;
		};
		58B511EE1A9E6C8500147676 /* Release */ = {
			isa = XCBuildConfiguration;
			buildSettings = {
				ALWAYS_SEARCH_USER_PATHS = NO;
				CLANG_CXX_LANGUAGE_STANDARD = "gnu++0x";
				CLANG_CXX_LIBRARY = "libc++";
				CLANG_ENABLE_MODULES = YES;
				CLANG_ENABLE_OBJC_ARC = YES;
				CLANG_WARN_BOOL_CONVERSION = YES;
				CLANG_WARN_CONSTANT_CONVERSION = YES;
				CLANG_WARN_DIRECT_OBJC_ISA_USAGE = YES_ERROR;
				CLANG_WARN_EMPTY_BODY = YES;
				CLANG_WARN_ENUM_CONVERSION = YES;
				CLANG_WARN_INFINITE_RECURSION = YES;
				CLANG_WARN_INT_CONVERSION = YES;
				CLANG_WARN_OBJC_ROOT_CLASS = YES_ERROR;
				CLANG_WARN_SUSPICIOUS_MOVE = YES;
				CLANG_WARN_UNREACHABLE_CODE = YES;
				CLANG_WARN__DUPLICATE_METHOD_MATCH = YES;
				COPY_PHASE_STRIP = YES;
				ENABLE_NS_ASSERTIONS = NO;
				ENABLE_STRICT_OBJC_MSGSEND = YES;
				GCC_C_LANGUAGE_STANDARD = gnu99;
				GCC_NO_COMMON_BLOCKS = YES;
				GCC_WARN_64_TO_32_BIT_CONVERSION = YES;
				GCC_WARN_ABOUT_RETURN_TYPE = YES_ERROR;
				GCC_WARN_UNDECLARED_SELECTOR = YES;
				GCC_WARN_UNINITIALIZED_AUTOS = YES_AGGRESSIVE;
				GCC_WARN_UNUSED_FUNCTION = YES;
				GCC_WARN_UNUSED_VARIABLE = YES;
				IPHONEOS_DEPLOYMENT_TARGET = 8.0;
				MTL_ENABLE_DEBUG_INFO = NO;
				SDKROOT = iphoneos;
				VALIDATE_PRODUCT = YES;
			};
			name = Release;
		};
		58B511F01A9E6C8500147676 /* Debug */ = {
			isa = XCBuildConfiguration;
			buildSettings = {
				FRAMEWORK_SEARCH_PATHS = (
					"$(inherited)",
					"$(PROJECT_DIR)/AliyunSDK",
				);
				HEADER_SEARCH_PATHS = (
					"$(inherited)",
					"$(SRCROOT)/../../../React/**",
					"$(SRCROOT)/../../react-native/React/**",
					"$(SRCROOT)/../../../ios/**",
				);
				LIBRARY_SEARCH_PATHS = "$(inherited)";
				OTHER_LDFLAGS = "-ObjC";
				PRODUCT_NAME = RNAliyunOSS;
				SKIP_INSTALL = YES;
			};
			name = Debug;
		};
		58B511F11A9E6C8500147676 /* Release */ = {
			isa = XCBuildConfiguration;
			buildSettings = {
				FRAMEWORK_SEARCH_PATHS = (
					"$(inherited)",
					"$(PROJECT_DIR)/AliyunSDK",
				);
				HEADER_SEARCH_PATHS = (
					"$(inherited)",
					"$(SRCROOT)/../../../React/**",
					"$(SRCROOT)/../../react-native/React/**",
					"$(SRCROOT)/../../../ios/**",
				);
				LIBRARY_SEARCH_PATHS = "$(inherited)";
				OTHER_LDFLAGS = "-ObjC";
				PRODUCT_NAME = RNAliyunOSS;
				SKIP_INSTALL = YES;
			};
			name = Release;
		};
/* End XCBuildConfiguration section */

/* Begin XCConfigurationList section */
		58B511D61A9E6C8500147676 /* Build configuration list for PBXProject "RNAliyunOSS" */ = {
			isa = XCConfigurationList;
			buildConfigurations = (
				58B511ED1A9E6C8500147676 /* Debug */,
				58B511EE1A9E6C8500147676 /* Release */,
			);
			defaultConfigurationIsVisible = 0;
			defaultConfigurationName = Release;
		};
		58B511EF1A9E6C8500147676 /* Build configuration list for PBXNativeTarget "RNAliyunOSS" */ = {
			isa = XCConfigurationList;
			buildConfigurations = (
				58B511F01A9E6C8500147676 /* Debug */,
				58B511F11A9E6C8500147676 /* Release */,
			);
			defaultConfigurationIsVisible = 0;
			defaultConfigurationName = Release;
		};
/* End XCConfigurationList section */
	};
	rootObject = 58B511D31A9E6C8500147676 /* Project object */;
}
